// !$*UTF8*$!
{
	archiveVersion = 1;
	classes = {
	};
	objectVersion = 46;
	objects = {

/* Begin PBXBuildFile section */
		7D18FB7A1C93DD14006C13C6 /* AppDelegate.swift in Sources */ = {isa = PBXBuildFile; fileRef = 7D18FB791C93DD14006C13C6 /* AppDelegate.swift */; };
		7D18FB7C1C93DD14006C13C6 /* MainViewController.swift in Sources */ = {isa = PBXBuildFile; fileRef = 7D18FB7B1C93DD14006C13C6 /* MainViewController.swift */; };
		7D18FB7F1C93DD14006C13C6 /* Main.storyboard in Resources */ = {isa = PBXBuildFile; fileRef = 7D18FB7D1C93DD14006C13C6 /* Main.storyboard */; };
		7D18FB811C93DD14006C13C6 /* Assets.xcassets in Resources */ = {isa = PBXBuildFile; fileRef = 7D18FB801C93DD14006C13C6 /* Assets.xcassets */; };
		7D18FB841C93DD14006C13C6 /* LaunchScreen.storyboard in Resources */ = {isa = PBXBuildFile; fileRef = 7D18FB821C93DD14006C13C6 /* LaunchScreen.storyboard */; };
		7D1C016C1C94116500E72C45 /* ConcreteInspectorViewModels.swift in Sources */ = {isa = PBXBuildFile; fileRef = 7D1C016B1C94116500E72C45 /* ConcreteInspectorViewModels.swift */; };
		7D1C016E1C9423C100E72C45 /* Inspector.swift in Sources */ = {isa = PBXBuildFile; fileRef = 7D1C016D1C9423C100E72C45 /* Inspector.swift */; };
		7D7A521D1C9461B900AE0E83 /* BooleanInspectorViewController.swift in Sources */ = {isa = PBXBuildFile; fileRef = 7D7A521C1C9461B900AE0E83 /* BooleanInspectorViewController.swift */; };
		7D7A521F1C9461C400AE0E83 /* SelectionInspectorViewController.swift in Sources */ = {isa = PBXBuildFile; fileRef = 7D7A521E1C9461C400AE0E83 /* SelectionInspectorViewController.swift */; };
		7D7A52211C9461CD00AE0E83 /* ColorInspectorViewController.swift in Sources */ = {isa = PBXBuildFile; fileRef = 7D7A52201C9461CD00AE0E83 /* ColorInspectorViewController.swift */; };
		7D7A52231C9461F000AE0E83 /* ColorRepresentations.swift in Sources */ = {isa = PBXBuildFile; fileRef = 7D7A52221C9461F000AE0E83 /* ColorRepresentations.swift */; };
		7D7A52251C94683E00AE0E83 /* SettingsViewController.swift in Sources */ = {isa = PBXBuildFile; fileRef = 7D7A52241C94683E00AE0E83 /* SettingsViewController.swift */; };
		7D7A52271C948CC000AE0E83 /* ColorInspectorComponentView.xib in Resources */ = {isa = PBXBuildFile; fileRef = 7D7A52261C948CC000AE0E83 /* ColorInspectorComponentView.xib */; };
		7D7A52291C948CDC00AE0E83 /* ColorInspectorComponentView.swift in Sources */ = {isa = PBXBuildFile; fileRef = 7D7A52281C948CDC00AE0E83 /* ColorInspectorComponentView.swift */; };
		7D7A522E1C9491FA00AE0E83 /* UIColor+VVTools.m in Sources */ = {isa = PBXBuildFile; fileRef = 7D7A522D1C9491FA00AE0E83 /* UIColor+VVTools.m */; };
		7D8286771C93FF9E0001623C /* MediaPicker.swift in Sources */ = {isa = PBXBuildFile; fileRef = 7D8286741C93FF9E0001623C /* MediaPicker.swift */; };
		7D8286781C93FF9E0001623C /* MediaPickerLocalSource.swift in Sources */ = {isa = PBXBuildFile; fileRef = 7D8286751C93FF9E0001623C /* MediaPickerLocalSource.swift */; };
		7D8286791C93FF9E0001623C /* MediaPickerImportSource.swift in Sources */ = {isa = PBXBuildFile; fileRef = 7D8286761C93FF9E0001623C /* MediaPickerImportSource.swift */; };
		7D9CB41A1C93FB8500602CDB /* Photos.framework in Frameworks */ = {isa = PBXBuildFile; fileRef = 7D9CB4191C93FB8500602CDB /* Photos.framework */; };
		7D9CB41C1C93FB8A00602CDB /* AVFoundation.framework in Frameworks */ = {isa = PBXBuildFile; fileRef = 7D9CB41B1C93FB8A00602CDB /* AVFoundation.framework */; };
		7D9CB41E1C93FB9700602CDB /* MobileCoreServices.framework in Frameworks */ = {isa = PBXBuildFile; fileRef = 7D9CB41D1C93FB9700602CDB /* MobileCoreServices.framework */; };
		7DB73FCD1C9404DB00BDA7BA /* SettingsViewModel.swift in Sources */ = {isa = PBXBuildFile; fileRef = 7DB73FCC1C9404DB00BDA7BA /* SettingsViewModel.swift */; };
		7DB73FCF1C9404EF00BDA7BA /* InspectorViewModel.swift in Sources */ = {isa = PBXBuildFile; fileRef = 7DB73FCE1C9404EF00BDA7BA /* InspectorViewModel.swift */; };
/* End PBXBuildFile section */

/* Begin PBXFileReference section */
		7D18FB761C93DD14006C13C6 /* BlurTester.app */ = {isa = PBXFileReference; explicitFileType = wrapper.application; includeInIndex = 0; path = BlurTester.app; sourceTree = BUILT_PRODUCTS_DIR; };
		7D18FB791C93DD14006C13C6 /* AppDelegate.swift */ = {isa = PBXFileReference; lastKnownFileType = sourcecode.swift; path = AppDelegate.swift; sourceTree = "<group>"; };
		7D18FB7B1C93DD14006C13C6 /* MainViewController.swift */ = {isa = PBXFileReference; lastKnownFileType = sourcecode.swift; path = MainViewController.swift; sourceTree = "<group>"; };
		7D18FB7E1C93DD14006C13C6 /* Base */ = {isa = PBXFileReference; lastKnownFileType = file.storyboard; name = Base; path = Base.lproj/Main.storyboard; sourceTree = "<group>"; };
		7D18FB801C93DD14006C13C6 /* Assets.xcassets */ = {isa = PBXFileReference; lastKnownFileType = folder.assetcatalog; path = Assets.xcassets; sourceTree = "<group>"; };
		7D18FB831C93DD14006C13C6 /* Base */ = {isa = PBXFileReference; lastKnownFileType = file.storyboard; name = Base; path = Base.lproj/LaunchScreen.storyboard; sourceTree = "<group>"; };
		7D18FB851C93DD14006C13C6 /* Info.plist */ = {isa = PBXFileReference; lastKnownFileType = text.plist.xml; path = Info.plist; sourceTree = "<group>"; };
		7D1C016B1C94116500E72C45 /* ConcreteInspectorViewModels.swift */ = {isa = PBXFileReference; fileEncoding = 4; lastKnownFileType = sourcecode.swift; path = ConcreteInspectorViewModels.swift; sourceTree = "<group>"; };
		7D1C016D1C9423C100E72C45 /* Inspector.swift */ = {isa = PBXFileReference; fileEncoding = 4; lastKnownFileType = sourcecode.swift; path = Inspector.swift; sourceTree = "<group>"; };
		7D7A521C1C9461B900AE0E83 /* BooleanInspectorViewController.swift */ = {isa = PBXFileReference; fileEncoding = 4; lastKnownFileType = sourcecode.swift; path = BooleanInspectorViewController.swift; sourceTree = "<group>"; };
		7D7A521E1C9461C400AE0E83 /* SelectionInspectorViewController.swift */ = {isa = PBXFileReference; fileEncoding = 4; lastKnownFileType = sourcecode.swift; path = SelectionInspectorViewController.swift; sourceTree = "<group>"; };
		7D7A52201C9461CD00AE0E83 /* ColorInspectorViewController.swift */ = {isa = PBXFileReference; fileEncoding = 4; lastKnownFileType = sourcecode.swift; path = ColorInspectorViewController.swift; sourceTree = "<group>"; };
		7D7A52221C9461F000AE0E83 /* ColorRepresentations.swift */ = {isa = PBXFileReference; fileEncoding = 4; lastKnownFileType = sourcecode.swift; path = ColorRepresentations.swift; sourceTree = "<group>"; };
		7D7A52241C94683E00AE0E83 /* SettingsViewController.swift */ = {isa = PBXFileReference; fileEncoding = 4; lastKnownFileType = sourcecode.swift; path = SettingsViewController.swift; sourceTree = "<group>"; };
		7D7A52261C948CC000AE0E83 /* ColorInspectorComponentView.xib */ = {isa = PBXFileReference; fileEncoding = 4; lastKnownFileType = file.xib; path = ColorInspectorComponentView.xib; sourceTree = "<group>"; };
		7D7A52281C948CDC00AE0E83 /* ColorInspectorComponentView.swift */ = {isa = PBXFileReference; fileEncoding = 4; lastKnownFileType = sourcecode.swift; path = ColorInspectorComponentView.swift; sourceTree = "<group>"; };
		7D7A522B1C9491FA00AE0E83 /* BlurTester-Bridging-Header.h */ = {isa = PBXFileReference; lastKnownFileType = sourcecode.c.h; path = "BlurTester-Bridging-Header.h"; sourceTree = "<group>"; };
		7D7A522C1C9491FA00AE0E83 /* UIColor+VVTools.h */ = {isa = PBXFileReference; fileEncoding = 4; lastKnownFileType = sourcecode.c.h; path = "UIColor+VVTools.h"; sourceTree = "<group>"; };
		7D7A522D1C9491FA00AE0E83 /* UIColor+VVTools.m */ = {isa = PBXFileReference; fileEncoding = 4; lastKnownFileType = sourcecode.c.objc; path = "UIColor+VVTools.m"; sourceTree = "<group>"; };
		7D8286741C93FF9E0001623C /* MediaPicker.swift */ = {isa = PBXFileReference; fileEncoding = 4; lastKnownFileType = sourcecode.swift; path = MediaPicker.swift; sourceTree = "<group>"; };
		7D8286751C93FF9E0001623C /* MediaPickerLocalSource.swift */ = {isa = PBXFileReference; fileEncoding = 4; lastKnownFileType = sourcecode.swift; path = MediaPickerLocalSource.swift; sourceTree = "<group>"; };
		7D8286761C93FF9E0001623C /* MediaPickerImportSource.swift */ = {isa = PBXFileReference; fileEncoding = 4; lastKnownFileType = sourcecode.swift; path = MediaPickerImportSource.swift; sourceTree = "<group>"; };
		7D9CB4191C93FB8500602CDB /* Photos.framework */ = {isa = PBXFileReference; lastKnownFileType = wrapper.framework; name = Photos.framework; path = System/Library/Frameworks/Photos.framework; sourceTree = SDKROOT; };
		7D9CB41B1C93FB8A00602CDB /* AVFoundation.framework */ = {isa = PBXFileReference; lastKnownFileType = wrapper.framework; name = AVFoundation.framework; path = System/Library/Frameworks/AVFoundation.framework; sourceTree = SDKROOT; };
		7D9CB41D1C93FB9700602CDB /* MobileCoreServices.framework */ = {isa = PBXFileReference; lastKnownFileType = wrapper.framework; name = MobileCoreServices.framework; path = System/Library/Frameworks/MobileCoreServices.framework; sourceTree = SDKROOT; };
		7DB73FCC1C9404DB00BDA7BA /* SettingsViewModel.swift */ = {isa = PBXFileReference; fileEncoding = 4; lastKnownFileType = sourcecode.swift; path = SettingsViewModel.swift; sourceTree = "<group>"; };
		7DB73FCE1C9404EF00BDA7BA /* InspectorViewModel.swift */ = {isa = PBXFileReference; fileEncoding = 4; lastKnownFileType = sourcecode.swift; path = InspectorViewModel.swift; sourceTree = "<group>"; };
/* End PBXFileReference section */

/* Begin PBXFrameworksBuildPhase section */
		7D18FB731C93DD14006C13C6 /* Frameworks */ = {
			isa = PBXFrameworksBuildPhase;
			buildActionMask = 2147483647;
			files = (
				7D9CB41E1C93FB9700602CDB /* MobileCoreServices.framework in Frameworks */,
				7D9CB41C1C93FB8A00602CDB /* AVFoundation.framework in Frameworks */,
				7D9CB41A1C93FB8500602CDB /* Photos.framework in Frameworks */,
			);
			runOnlyForDeploymentPostprocessing = 0;
		};
/* End PBXFrameworksBuildPhase section */

/* Begin PBXGroup section */
		7D18FB6D1C93DD14006C13C6 = {
			isa = PBXGroup;
			children = (
				7D18FB781C93DD14006C13C6 /* BlurTester */,
				7D9CB4181C93FB7D00602CDB /* Frameworks */,
				7D18FB771C93DD14006C13C6 /* Products */,
			);
			sourceTree = "<group>";
		};
		7D18FB771C93DD14006C13C6 /* Products */ = {
			isa = PBXGroup;
			children = (
				7D18FB761C93DD14006C13C6 /* BlurTester.app */,
			);
			name = Products;
			sourceTree = "<group>";
		};
		7D18FB781C93DD14006C13C6 /* BlurTester */ = {
			isa = PBXGroup;
			children = (
				7D18FB791C93DD14006C13C6 /* AppDelegate.swift */,
				7D18FB7B1C93DD14006C13C6 /* MainViewController.swift */,
				7D7A52241C94683E00AE0E83 /* SettingsViewController.swift */,
				7D18FB971C93F31F006C13C6 /* Image Picker */,
				7DB73FCB1C9402B400BDA7BA /* View Models */,
				7D7A521B1C9461A400AE0E83 /* Inspectors */,
				7D7A522A1C9491EB00AE0E83 /* Tools */,
				7D18FB7D1C93DD14006C13C6 /* Main.storyboard */,
				7D18FB801C93DD14006C13C6 /* Assets.xcassets */,
				7D18FB821C93DD14006C13C6 /* LaunchScreen.storyboard */,
				7D7A522B1C9491FA00AE0E83 /* BlurTester-Bridging-Header.h */,
				7D18FB851C93DD14006C13C6 /* Info.plist */,
			);
			path = BlurTester;
			sourceTree = "<group>";
		};
		7D18FB971C93F31F006C13C6 /* Image Picker */ = {
			isa = PBXGroup;
			children = (
				7D8286741C93FF9E0001623C /* MediaPicker.swift */,
				7D8286751C93FF9E0001623C /* MediaPickerLocalSource.swift */,
				7D8286761C93FF9E0001623C /* MediaPickerImportSource.swift */,
			);
			name = "Image Picker";
			sourceTree = "<group>";
		};
		7D7A521B1C9461A400AE0E83 /* Inspectors */ = {
			isa = PBXGroup;
			children = (
				7D1C016D1C9423C100E72C45 /* Inspector.swift */,
				7D7A521C1C9461B900AE0E83 /* BooleanInspectorViewController.swift */,
				7D7A521E1C9461C400AE0E83 /* SelectionInspectorViewController.swift */,
				7D7A52201C9461CD00AE0E83 /* ColorInspectorViewController.swift */,
				7D7A52281C948CDC00AE0E83 /* ColorInspectorComponentView.swift */,
				7D7A52261C948CC000AE0E83 /* ColorInspectorComponentView.xib */,
			);
			name = Inspectors;
			sourceTree = "<group>";
		};
		7D7A522A1C9491EB00AE0E83 /* Tools */ = {
			isa = PBXGroup;
			children = (
				7D7A522C1C9491FA00AE0E83 /* UIColor+VVTools.h */,
				7D7A522D1C9491FA00AE0E83 /* UIColor+VVTools.m */,
			);
			name = Tools;
			sourceTree = "<group>";
		};
		7D9CB4181C93FB7D00602CDB /* Frameworks */ = {
			isa = PBXGroup;
			children = (
				7D9CB41D1C93FB9700602CDB /* MobileCoreServices.framework */,
				7D9CB41B1C93FB8A00602CDB /* AVFoundation.framework */,
				7D9CB4191C93FB8500602CDB /* Photos.framework */,
			);
			name = Frameworks;
			sourceTree = "<group>";
		};
		7DB73FCB1C9402B400BDA7BA /* View Models */ = {
			isa = PBXGroup;
			children = (
				7DB73FCC1C9404DB00BDA7BA /* SettingsViewModel.swift */,
				7DB73FCE1C9404EF00BDA7BA /* InspectorViewModel.swift */,
				7D1C016B1C94116500E72C45 /* ConcreteInspectorViewModels.swift */,
				7D7A52221C9461F000AE0E83 /* ColorRepresentations.swift */,
			);
			name = "View Models";
			sourceTree = "<group>";
		};
/* End PBXGroup section */

/* Begin PBXNativeTarget section */
		7D18FB751C93DD14006C13C6 /* BlurTester */ = {
			isa = PBXNativeTarget;
			buildConfigurationList = 7D18FB881C93DD14006C13C6 /* Build configuration list for PBXNativeTarget "BlurTester" */;
			buildPhases = (
				7D18FB721C93DD14006C13C6 /* Sources */,
				7D18FB731C93DD14006C13C6 /* Frameworks */,
				7D18FB741C93DD14006C13C6 /* Resources */,
			);
			buildRules = (
			);
			dependencies = (
			);
			name = BlurTester;
			productName = BlurTester;
			productReference = 7D18FB761C93DD14006C13C6 /* BlurTester.app */;
			productType = "com.apple.product-type.application";
		};
/* End PBXNativeTarget section */

/* Begin PBXProject section */
		7D18FB6E1C93DD14006C13C6 /* Project object */ = {
			isa = PBXProject;
			attributes = {
				LastSwiftUpdateCheck = 0730;
				LastUpgradeCheck = 0730;
				ORGANIZATIONNAME = "Vlas Voloshin";
				TargetAttributes = {
					7D18FB751C93DD14006C13C6 = {
						CreatedOnToolsVersion = 7.3;
						DevelopmentTeam = S39FJ4UZ8V;
					};
				};
			};
			buildConfigurationList = 7D18FB711C93DD14006C13C6 /* Build configuration list for PBXProject "BlurTester" */;
			compatibilityVersion = "Xcode 3.2";
			developmentRegion = English;
			hasScannedForEncodings = 0;
			knownRegions = (
				en,
				Base,
			);
			mainGroup = 7D18FB6D1C93DD14006C13C6;
			productRefGroup = 7D18FB771C93DD14006C13C6 /* Products */;
			projectDirPath = "";
			projectRoot = "";
			targets = (
				7D18FB751C93DD14006C13C6 /* BlurTester */,
			);
		};
/* End PBXProject section */

/* Begin PBXResourcesBuildPhase section */
		7D18FB741C93DD14006C13C6 /* Resources */ = {
			isa = PBXResourcesBuildPhase;
			buildActionMask = 2147483647;
			files = (
				7D18FB841C93DD14006C13C6 /* LaunchScreen.storyboard in Resources */,
				7D7A52271C948CC000AE0E83 /* ColorInspectorComponentView.xib in Resources */,
				7D18FB811C93DD14006C13C6 /* Assets.xcassets in Resources */,
				7D18FB7F1C93DD14006C13C6 /* Main.storyboard in Resources */,
			);
			runOnlyForDeploymentPostprocessing = 0;
		};
/* End PBXResourcesBuildPhase section */

/* Begin PBXSourcesBuildPhase section */
		7D18FB721C93DD14006C13C6 /* Sources */ = {
			isa = PBXSourcesBuildPhase;
			buildActionMask = 2147483647;
			files = (
				7D18FB7C1C93DD14006C13C6 /* MainViewController.swift in Sources */,
				7DB73FCF1C9404EF00BDA7BA /* InspectorViewModel.swift in Sources */,
				7D8286781C93FF9E0001623C /* MediaPickerLocalSource.swift in Sources */,
				7D7A521D1C9461B900AE0E83 /* BooleanInspectorViewController.swift in Sources */,
				7D7A521F1C9461C400AE0E83 /* SelectionInspectorViewController.swift in Sources */,
				7D8286771C93FF9E0001623C /* MediaPicker.swift in Sources */,
				7D7A52231C9461F000AE0E83 /* ColorRepresentations.swift in Sources */,
				7D7A522E1C9491FA00AE0E83 /* UIColor+VVTools.m in Sources */,
				7D7A52211C9461CD00AE0E83 /* ColorInspectorViewController.swift in Sources */,
				7D1C016E1C9423C100E72C45 /* Inspector.swift in Sources */,
				7D18FB7A1C93DD14006C13C6 /* AppDelegate.swift in Sources */,
				7D7A52291C948CDC00AE0E83 /* ColorInspectorComponentView.swift in Sources */,
				7D8286791C93FF9E0001623C /* MediaPickerImportSource.swift in Sources */,
				7DB73FCD1C9404DB00BDA7BA /* SettingsViewModel.swift in Sources */,
				7D7A52251C94683E00AE0E83 /* SettingsViewController.swift in Sources */,
				7D1C016C1C94116500E72C45 /* ConcreteInspectorViewModels.swift in Sources */,
			);
			runOnlyForDeploymentPostprocessing = 0;
		};
/* End PBXSourcesBuildPhase section */

/* Begin PBXVariantGroup section */
		7D18FB7D1C93DD14006C13C6 /* Main.storyboard */ = {
			isa = PBXVariantGroup;
			children = (
				7D18FB7E1C93DD14006C13C6 /* Base */,
			);
			name = Main.storyboard;
			sourceTree = "<group>";
		};
		7D18FB821C93DD14006C13C6 /* LaunchScreen.storyboard */ = {
			isa = PBXVariantGroup;
			children = (
				7D18FB831C93DD14006C13C6 /* Base */,
			);
			name = LaunchScreen.storyboard;
			sourceTree = "<group>";
		};
/* End PBXVariantGroup section */

/* Begin XCBuildConfiguration section */
		7D18FB861C93DD14006C13C6 /* Debug */ = {
			isa = XCBuildConfiguration;
			buildSettings = {
				ALWAYS_SEARCH_USER_PATHS = NO;
				CLANG_ANALYZER_NONNULL = YES;
				CLANG_CXX_LANGUAGE_STANDARD = "gnu++0x";
				CLANG_CXX_LIBRARY = "libc++";
				CLANG_ENABLE_MODULES = YES;
				CLANG_ENABLE_OBJC_ARC = YES;
				CLANG_WARN_BOOL_CONVERSION = YES;
				CLANG_WARN_CONSTANT_CONVERSION = YES;
				CLANG_WARN_DIRECT_OBJC_ISA_USAGE = YES_ERROR;
				CLANG_WARN_EMPTY_BODY = YES;
				CLANG_WARN_ENUM_CONVERSION = YES;
				CLANG_WARN_INT_CONVERSION = YES;
				CLANG_WARN_OBJC_ROOT_CLASS = YES_ERROR;
				CLANG_WARN_UNREACHABLE_CODE = YES;
				CLANG_WARN__DUPLICATE_METHOD_MATCH = YES;
				"CODE_SIGN_IDENTITY[sdk=iphoneos*]" = "iPhone Developer";
				COPY_PHASE_STRIP = NO;
				DEBUG_INFORMATION_FORMAT = dwarf;
				ENABLE_STRICT_OBJC_MSGSEND = YES;
				ENABLE_TESTABILITY = YES;
				GCC_C_LANGUAGE_STANDARD = gnu99;
				GCC_DYNAMIC_NO_PIC = NO;
				GCC_NO_COMMON_BLOCKS = YES;
				GCC_OPTIMIZATION_LEVEL = 0;
				GCC_PREPROCESSOR_DEFINITIONS = (
					"DEBUG=1",
					"$(inherited)",
				);
				GCC_WARN_64_TO_32_BIT_CONVERSION = YES;
				GCC_WARN_ABOUT_RETURN_TYPE = YES_ERROR;
				GCC_WARN_UNDECLARED_SELECTOR = YES;
				GCC_WARN_UNINITIALIZED_AUTOS = YES_AGGRESSIVE;
				GCC_WARN_UNUSED_FUNCTION = YES;
				GCC_WARN_UNUSED_VARIABLE = YES;
				IPHONEOS_DEPLOYMENT_TARGET = 9.0;
				MTL_ENABLE_DEBUG_INFO = YES;
				ONLY_ACTIVE_ARCH = YES;
				SDKROOT = iphoneos;
				SWIFT_OPTIMIZATION_LEVEL = "-Onone";
			};
			name = Debug;
		};
		7D18FB871C93DD14006C13C6 /* Release */ = {
			isa = XCBuildConfiguration;
			buildSettings = {
				ALWAYS_SEARCH_USER_PATHS = NO;
				CLANG_ANALYZER_NONNULL = YES;
				CLANG_CXX_LANGUAGE_STANDARD = "gnu++0x";
				CLANG_CXX_LIBRARY = "libc++";
				CLANG_ENABLE_MODULES = YES;
				CLANG_ENABLE_OBJC_ARC = YES;
				CLANG_WARN_BOOL_CONVERSION = YES;
				CLANG_WARN_CONSTANT_CONVERSION = YES;
				CLANG_WARN_DIRECT_OBJC_ISA_USAGE = YES_ERROR;
				CLANG_WARN_EMPTY_BODY = YES;
				CLANG_WARN_ENUM_CONVERSION = YES;
				CLANG_WARN_INT_CONVERSION = YES;
				CLANG_WARN_OBJC_ROOT_CLASS = YES_ERROR;
				CLANG_WARN_UNREACHABLE_CODE = YES;
				CLANG_WARN__DUPLICATE_METHOD_MATCH = YES;
				"CODE_SIGN_IDENTITY[sdk=iphoneos*]" = "iPhone Developer";
				COPY_PHASE_STRIP = NO;
				DEBUG_INFORMATION_FORMAT = "dwarf-with-dsym";
				ENABLE_NS_ASSERTIONS = NO;
				ENABLE_STRICT_OBJC_MSGSEND = YES;
				GCC_C_LANGUAGE_STANDARD = gnu99;
				GCC_NO_COMMON_BLOCKS = YES;
				GCC_WARN_64_TO_32_BIT_CONVERSION = YES;
				GCC_WARN_ABOUT_RETURN_TYPE = YES_ERROR;
				GCC_WARN_UNDECLARED_SELECTOR = YES;
				GCC_WARN_UNINITIALIZED_AUTOS = YES_AGGRESSIVE;
				GCC_WARN_UNUSED_FUNCTION = YES;
				GCC_WARN_UNUSED_VARIABLE = YES;
				IPHONEOS_DEPLOYMENT_TARGET = 9.0;
				MTL_ENABLE_DEBUG_INFO = NO;
				SDKROOT = iphoneos;
				VALIDATE_PRODUCT = YES;
			};
			name = Release;
		};
		7D18FB891C93DD14006C13C6 /* Debug */ = {
			isa = XCBuildConfiguration;
			buildSettings = {
				ASSETCATALOG_COMPILER_APPICON_NAME = AppIcon;
				CLANG_ENABLE_MODULES = YES;
				CODE_SIGN_IDENTITY = "iPhone Developer";
				INFOPLIST_FILE = BlurTester/Info.plist;
				IPHONEOS_DEPLOYMENT_TARGET = 9.0;
				LD_RUNPATH_SEARCH_PATHS = "$(inherited) @executable_path/Frameworks";
				PRODUCT_BUNDLE_IDENTIFIER = com.argentumko.BlurTester;
				PRODUCT_NAME = "$(TARGET_NAME)";
				SWIFT_OBJC_BRIDGING_HEADER = "BlurTester/BlurTester-Bridging-Header.h";
				SWIFT_OPTIMIZATION_LEVEL = "-Onone";
			};
			name = Debug;
		};
		7D18FB8A1C93DD14006C13C6 /* Release */ = {
			isa = XCBuildConfiguration;
			buildSettings = {
				ASSETCATALOG_COMPILER_APPICON_NAME = AppIcon;
				CLANG_ENABLE_MODULES = YES;
				CODE_SIGN_IDENTITY = "iPhone Developer";
				INFOPLIST_FILE = BlurTester/Info.plist;
				IPHONEOS_DEPLOYMENT_TARGET = 9.0;
				LD_RUNPATH_SEARCH_PATHS = "$(inherited) @executable_path/Frameworks";
				PRODUCT_BUNDLE_IDENTIFIER = com.argentumko.BlurTester;
				PRODUCT_NAME = "$(TARGET_NAME)";
				SWIFT_OBJC_BRIDGING_HEADER = "BlurTester/BlurTester-Bridging-Header.h";
			};
			name = Release;
		};
/* End XCBuildConfiguration section */

/* Begin XCConfigurationList section */
		7D18FB711C93DD14006C13C6 /* Build configuration list for PBXProject "BlurTester" */ = {
			isa = XCConfigurationList;
			buildConfigurations = (
				7D18FB861C93DD14006C13C6 /* Debug */,
				7D18FB871C93DD14006C13C6 /* Release */,
			);
			defaultConfigurationIsVisible = 0;
			defaultConfigurationName = Release;
		};
		7D18FB881C93DD14006C13C6 /* Build configuration list for PBXNativeTarget "BlurTester" */ = {
			isa = XCConfigurationList;
			buildConfigurations = (
				7D18FB891C93DD14006C13C6 /* Debug */,
				7D18FB8A1C93DD14006C13C6 /* Release */,
			);
			defaultConfigurationIsVisible = 0;
			defaultConfigurationName = Release;
		};
/* End XCConfigurationList section */
	};
	rootObject = 7D18FB6E1C93DD14006C13C6 /* Project object */;
}
